
Microsoft Visual Studio Solution File, Format Version 12.00
# Visual Studio Version 16
VisualStudioVersion = 16.0.31410.357
MinimumVisualStudioVersion = 10.0.40219.1
Project("{FAE04EC0-301F-11D3-BF4B-00C04F79EFBC}") = "Cad_Cliente", "Cad_Cliente\Cad_Cliente.csproj", "{B121ACFF-BE2C-4366-AEE2-75981D8DC4EB}"
EndProject
Global
	GlobalSection(SolutionConfigurationPlatforms) = preSolution
		Debug|Any CPU = Debug|Any CPU
		Release|Any CPU = Release|Any CPU
	EndGlobalSection
	GlobalSection(ProjectConfigurationPlatforms) = postSolution
		{B121ACFF-BE2C-4366-AEE2-75981D8DC4EB}.Debug|Any CPU.ActiveCfg = Debug|Any CPU
		{B121ACFF-BE2C-4366-AEE2-75981D8DC4EB}.Debug|Any CPU.Build.0 = Debug|Any CPU
		{B121ACFF-BE2C-4366-AEE2-75981D8DC4EB}.Release|Any CPU.ActiveCfg = Release|Any CPU
		{B121ACFF-BE2C-4366-AEE2-75981D8DC4EB}.Release|Any CPU.Build.0 = Release|Any CPU
	EndGlobalSection
	GlobalSection(SolutionProperties) = preSolution
		HideSolutionNode = FALSE
	EndGlobalSection
	GlobalSection(ExtensibilityGlobals) = postSolution
		SolutionGuid = {10572E62-4023-437E-A1B3-E1685281E37C}
	EndGlobalSection
EndGlobal
